{
    "_readme": [
        "This file locks the dependencies of your project to a known state",
        "Read more about it at https://getcomposer.org/doc/01-basic-usage.md#installing-dependencies",
        "This file is @generated automatically"
    ],
    "content-hash": "8b58849e781c440151b19ab57b478b87",
    "packages": [
        {
            "name": "desilva/microserve",
            "version": "dev-master",
            "source": {
                "type": "git",
                "url": "https://github.com/caendesilva/microserve.git",
                "reference": "6b96f00f81354eeebc135c310be2bace538aa91f"
            },
            "dist": {
                "type": "zip",
                "url": "https://api.github.com/repos/caendesilva/microserve/zipball/6b96f00f81354eeebc135c310be2bace538aa91f",
                "reference": "6b96f00f81354eeebc135c310be2bace538aa91f",
                "shasum": ""
            },
            "require": {
                "php": "^8.0"
            },
            "require-dev": {
                "phpunit/phpunit": "^9.0"
            },
            "default-branch": true,
            "type": "library",
            "autoload": {
                "psr-4": {
                    "Desilva\\Microserve\\": "src"
                }
            },
            "notification-url": "https://packagist.org/downloads/",
            "license": [
                "MIT"
            ],
            "authors": [
                {
                    "name": "Caen De Silva",
                    "email": "caen@desilva.se",
                    "role": "Developer"
                }
            ],
            "description": "Lightweight API for creating PHP application servers",
            "homepage": "https://github.com/caendesilva/microserve",
            "keywords": [
                "desilva",
                "microserve"
            ],
            "support": {
                "issues": "https://github.com/caendesilva/microserve/issues",
                "source": "https://github.com/caendesilva/microserve/tree/master"
            },
            "time": "2022-06-03T19:27:23+00:00"
        }
    ],
    "packages-dev": [],
    "aliases": [],
    "minimum-stability": "stable",
    "stability-flags": {
        "desilva/microserve": 20
    },
    "prefer-stable": false,
    "prefer-lowest": false,
    "platform": [],
    "platform-dev": [],
    "plugin-api-version": "2.1.0"
}
